
Microsoft Visual Studio Solution File, Format Version 12.00
# Visual Studio Version 17
VisualStudioVersion = 17.5.33530.505
MinimumVisualStudioVersion = 10.0.40219.1
Project("{FAE04EC0-301F-11D3-BF4B-00C04F79EFBC}") = "webs", "webs.csproj", "{FFBA94EF-90A1-454F-B90D-4EA4DC708FC7}"
EndProject
Global
	GlobalSection(SolutionConfigurationPlatforms) = preSolution
		Debug|Any CPU = Debug|Any CPU
		Release|Any CPU = Release|Any CPU
	EndGlobalSection
	GlobalSection(ProjectConfigurationPlatforms) = postSolution
		{FFBA94EF-90A1-454F-B90D-4EA4DC708FC7}.Debug|Any CPU.ActiveCfg = Debug|Any CPU
		{FFBA94EF-90A1-454F-B90D-4EA4DC708FC7}.Debug|Any CPU.Build.0 = Debug|Any CPU
		{FFBA94EF-90A1-454F-B90D-4EA4DC708FC7}.Release|Any CPU.ActiveCfg = Release|Any CPU
		{FFBA94EF-90A1-454F-B90D-4EA4DC708FC7}.Release|Any CPU.Build.0 = Release|Any CPU
	EndGlobalSection
	GlobalSection(SolutionProperties) = preSolution
		HideSolutionNode = FALSE
	EndGlobalSection
	GlobalSection(ExtensibilityGlobals) = postSolution
		SolutionGuid = {B216365B-940F-46F9-A2B0-B3128F60BF2D}
	EndGlobalSection
EndGlobal
